
Microsoft Visual Studio Solution File, Format Version 12.00
# Visual Studio Version 17
VisualStudioVersion = 17.8.34601.278
MinimumVisualStudioVersion = 10.0.40219.1
Project("{9A19103F-16F7-4668-BE54-9A1E7A4F7556}") = "hdwj3h", "hdwj3h.csproj", "{6783A48D-A6F8-4265-87F9-EFCF73F2AEEE}"
EndProject
Project("{FAE04EC0-301F-11D3-BF4B-00C04F79EFBC}") = "TestProject", "..\TestProject\TestProject.csproj", "{0CA326A9-53FC-48FC-A1AC-9F60EE8B7DEE}"
EndProject
Global
	GlobalSection(SolutionConfigurationPlatforms) = preSolution
		Debug|Any CPU = Debug|Any CPU
		Release|Any CPU = Release|Any CPU
	EndGlobalSection
	GlobalSection(ProjectConfigurationPlatforms) = postSolution
		{6783A48D-A6F8-4265-87F9-EFCF73F2AEEE}.Debug|Any CPU.ActiveCfg = Debug|Any CPU
		{6783A48D-A6F8-4265-87F9-EFCF73F2AEEE}.Debug|Any CPU.Build.0 = Debug|Any CPU
		{6783A48D-A6F8-4265-87F9-EFCF73F2AEEE}.Release|Any CPU.ActiveCfg = Release|Any CPU
		{6783A48D-A6F8-4265-87F9-EFCF73F2AEEE}.Release|Any CPU.Build.0 = Release|Any CPU
		{0CA326A9-53FC-48FC-A1AC-9F60EE8B7DEE}.Debug|Any CPU.ActiveCfg = Debug|Any CPU
		{0CA326A9-53FC-48FC-A1AC-9F60EE8B7DEE}.Debug|Any CPU.Build.0 = Debug|Any CPU
		{0CA326A9-53FC-48FC-A1AC-9F60EE8B7DEE}.Release|Any CPU.ActiveCfg = Release|Any CPU
		{0CA326A9-53FC-48FC-A1AC-9F60EE8B7DEE}.Release|Any CPU.Build.0 = Release|Any CPU
	EndGlobalSection
	GlobalSection(SolutionProperties) = preSolution
		HideSolutionNode = FALSE
	EndGlobalSection
	GlobalSection(ExtensibilityGlobals) = postSolution
		SolutionGuid = {B672CDA0-4658-47DD-8F73-CB1FC2FB6B22}
	EndGlobalSection
EndGlobal
